
Microsoft Visual Studio Solution File, Format Version 12.00
# Visual Studio Version 17
VisualStudioVersion = 17.8.34408.163
MinimumVisualStudioVersion = 10.0.40219.1
Project("{FAE04EC0-301F-11D3-BF4B-00C04F79EFBC}") = "BigusProjectus", "BigusProjectus\BigusProjectus.csproj", "{ACA9842C-C604-4C10-9281-C6D6D0E50B3E}"
EndProject
Global
	GlobalSection(SolutionConfigurationPlatforms) = preSolution
		Debug|Any CPU = Debug|Any CPU
		Release|Any CPU = Release|Any CPU
	EndGlobalSection
	GlobalSection(ProjectConfigurationPlatforms) = postSolution
		{ACA9842C-C604-4C10-9281-C6D6D0E50B3E}.Debug|Any CPU.ActiveCfg = Debug|Any CPU
		{ACA9842C-C604-4C10-9281-C6D6D0E50B3E}.Debug|Any CPU.Build.0 = Debug|Any CPU
		{ACA9842C-C604-4C10-9281-C6D6D0E50B3E}.Release|Any CPU.ActiveCfg = Release|Any CPU
		{ACA9842C-C604-4C10-9281-C6D6D0E50B3E}.Release|Any CPU.Build.0 = Release|Any CPU
	EndGlobalSection
	GlobalSection(SolutionProperties) = preSolution
		HideSolutionNode = FALSE
	EndGlobalSection
	GlobalSection(ExtensibilityGlobals) = postSolution
		SolutionGuid = {1A0258A3-DBDC-4DE7-BC9C-7F76B8BB82F0}
	EndGlobalSection
EndGlobal
